// !$*UTF8*$!
{
	archiveVersion = 1;
	classes = {
	};
	objectVersion = 77;
	objects = {

/* Begin PBXBuildFile section */
		1C7B08EC301CF7E90085A763 /* WakTrainerFeatureWorkout in Frameworks */ = {isa = PBXBuildFile; productRef = 1C7B08EB301CF7E90085A763 /* WakTrainerFeatureWorkout */; };
		A10000000000000000000001 /* UserProfileFeature in Frameworks */ = {isa = PBXBuildFile; productRef = A20000000000000000000001 /* UserProfileFeature */; };
		A10000000000000000000002 /* TrisPlaceRecognitionKit in Frameworks */ = {isa = PBXBuildFile; productRef = A20000000000000000000002 /* TrisPlaceRecognitionKit */; };
		A10000000000000000000003 /* TrisLocationKit in Frameworks */ = {isa = PBXBuildFile; productRef = A20000000000000000000003 /* TrisLocationKit */; };
		A10000000000000000000004 /* TrisNotificationKit in Frameworks */ = {isa = PBXBuildFile; productRef = A20000000000000000000004 /* TrisNotificationKit */; };
		A10000000000000000000005 /* AuthenticationKit in Frameworks */ = {isa = PBXBuildFile; productRef = A20000000000000000000005 /* AuthenticationKit */; };
		A10000000000000000000006 /* WakTrainerCoreModels in Frameworks */ = {isa = PBXBuildFile; productRef = A20000000000000000000006 /* WakTrainerCoreModels */; };
		A10000000000000000000008 /* TrisCalendarKit in Frameworks */ = {isa = PBXBuildFile; productRef = A20000000000000000000008 /* TrisCalendarKit */; };
		A10000000000000000000009 /* WakTrainerDesignSystem in Frameworks */ = {isa = PBXBuildFile; productRef = A20000000000000000000009 /* WakTrainerDesignSystem */; };
/* End PBXBuildFile section */

/* Begin PBXContainerItemProxy section */
		1C7B08CE301CF6B60085A763 /* PBXContainerItemProxy */ = {
			isa = PBXContainerItemProxy;
			containerPortal = 1C7B08B8301CF6B10085A763 /* Project object */;
			proxyType = 1;
			remoteGlobalIDString = 1C7B08BF301CF6B10085A763;
			remoteInfo = WakTrainer;
		};
		1C7B08D8301CF6B60085A763 /* PBXContainerItemProxy */ = {
			isa = PBXContainerItemProxy;
			containerPortal = 1C7B08B8301CF6B10085A763 /* Project object */;
			proxyType = 1;
			remoteGlobalIDString = 1C7B08BF301CF6B10085A763;
			remoteInfo = WakTrainer;
		};
/* End PBXContainerItemProxy section */

/* Begin PBXFileReference section */
		1C7B08C0301CF6B10085A763 /* WakTrainer.app */ = {isa = PBXFileReference; explicitFileType = wrapper.application; includeInIndex = 0; path = WakTrainer.app; sourceTree = BUILT_PRODUCTS_DIR; };
		1C7B08CD301CF6B60085A763 /* WakTrainerTests.xctest */ = {isa = PBXFileReference; explicitFileType = wrapper.cfbundle; includeInIndex = 0; path = WakTrainerTests.xctest; sourceTree = BUILT_PRODUCTS_DIR; };
		1C7B08D7301CF6B60085A763 /* WakTrainerUITests.xctest */ = {isa = PBXFileReference; explicitFileType = wrapper.cfbundle; includeInIndex = 0; path = WakTrainerUITests.xctest; sourceTree = BUILT_PRODUCTS_DIR; };
/* End PBXFileReference section */

/* Begin PBXFileSystemSynchronizedRootGroup section */
		1C7B08C2301CF6B10085A763 /* WakTrainer */ = {
			isa = PBXFileSystemSynchronizedRootGroup;
			path = WakTrainer;
			sourceTree = "<group>";
		};
		1C7B08D0301CF6B60085A763 /* WakTrainerTests */ = {
			isa = PBXFileSystemSynchronizedRootGroup;
			path = WakTrainerTests;
			sourceTree = "<group>";
		};
		1C7B08DA301CF6B60085A763 /* WakTrainerUITests */ = {
			isa = PBXFileSystemSynchronizedRootGroup;
			path = WakTrainerUITests;
			sourceTree = "<group>";
		};
/* End PBXFileSystemSynchronizedRootGroup section */

/* Begin PBXFrameworksBuildPhase section */
		1C7B08BD301CF6B10085A763 /* Frameworks */ = {
			isa = PBXFrameworksBuildPhase;
			buildActionMask = 2147483647;
			files = (
				1C7B08EC301CF7E90085A763 /* WakTrainerFeatureWorkout in Frameworks */,
				A10000000000000000000001 /* UserProfileFeature in Frameworks */,
				A10000000000000000000002 /* TrisPlaceRecognitionKit in Frameworks */,
				A10000000000000000000003 /* TrisLocationKit in Frameworks */,
				A10000000000000000000004 /* TrisNotificationKit in Frameworks */,
				A10000000000000000000005 /* AuthenticationKit in Frameworks */,
				A10000000000000000000006 /* WakTrainerCoreModels in Frameworks */,
				A10000000000000000000008 /* TrisCalendarKit in Frameworks */,
				A10000000000000000000009 /* WakTrainerDesignSystem in Frameworks */,
			);
			runOnlyForDeploymentPostprocessing = 0;
		};
		1C7B08CA301CF6B60085A763 /* Frameworks */ = {
			isa = PBXFrameworksBuildPhase;
			buildActionMask = 2147483647;
			files = (
			);
			runOnlyForDeploymentPostprocessing = 0;
		};
		1C7B08D4301CF6B60085A763 /* Frameworks */ = {
			isa = PBXFrameworksBuildPhase;
			buildActionMask = 2147483647;
			files = (
			);
			runOnlyForDeploymentPostprocessing = 0;
		};
/* End PBXFrameworksBuildPhase section */

/* Begin PBXGroup section */
		1C7B08B7301CF6B00085A763 = {
			isa = PBXGroup;
			children = (
				1C7B08C2301CF6B10085A763 /* WakTrainer */,
				1C7B08D0301CF6B60085A763 /* WakTrainerTests */,
				1C7B08DA301CF6B60085A763 /* WakTrainerUITests */,
				1C7B08C1301CF6B10085A763 /* Products */,
			);
			sourceTree = "<group>";
		};
		1C7B08C1301CF6B10085A763 /* Products */ = {
			isa = PBXGroup;
			children = (
				1C7B08C0301CF6B10085A763 /* WakTrainer.app */,
				1C7B08CD301CF6B60085A763 /* WakTrainerTests.xctest */,
				1C7B08D7301CF6B60085A763 /* WakTrainerUITests.xctest */,
			);
			name = Products;
			sourceTree = "<group>";
		};
/* End PBXGroup section */

/* Begin PBXNativeTarget section */
		1C7B08BF301CF6B10085A763 /* WakTrainer */ = {
			isa = PBXNativeTarget;
			buildConfigurationList = 1C7B08E1301CF6B60085A763 /* Build configuration list for PBXNativeTarget "WakTrainer" */;
			buildPhases = (
				1C7B08BC301CF6B10085A763 /* Sources */,
				1C7B08BD301CF6B10085A763 /* Frameworks */,
				1C7B08BE301CF6B10085A763 /* Resources */,
			);
			buildRules = (
			);
			dependencies = (
			);
			fileSystemSynchronizedGroups = (
				1C7B08C2301CF6B10085A763 /* WakTrainer */,
			);
			name = WakTrainer;
			packageProductDependencies = (
				1C7B08EB301CF7E90085A763 /* WakTrainerFeatureWorkout */,
				A20000000000000000000001 /* UserProfileFeature */,
				A20000000000000000000002 /* TrisPlaceRecognitionKit */,
				A20000000000000000000003 /* TrisLocationKit */,
				A20000000000000000000004 /* TrisNotificationKit */,
				A20000000000000000000005 /* AuthenticationKit */,
				A20000000000000000000006 /* WakTrainerCoreModels */,
				A20000000000000000000008 /* TrisCalendarKit */,
				A20000000000000000000009 /* WakTrainerDesignSystem */,
			);
			productName = WakTrainer;
			productReference = 1C7B08C0301CF6B10085A763 /* WakTrainer.app */;
			productType = "com.apple.product-type.application";
		};
		1C7B08CC301CF6B60085A763 /* WakTrainerTests */ = {
			isa = PBXNativeTarget;
			buildConfigurationList = 1C7B08E4301CF6B60085A763 /* Build configuration list for PBXNativeTarget "WakTrainerTests" */;
			buildPhases = (
				1C7B08C9301CF6B60085A763 /* Sources */,
				1C7B08CA301CF6B60085A763 /* Frameworks */,
				1C7B08CB301CF6B60085A763 /* Resources */,
			);
			buildRules = (
			);
			dependencies = (
				1C7B08CF301CF6B60085A763 /* PBXTargetDependency */,
			);
			fileSystemSynchronizedGroups = (
				1C7B08D0301CF6B60085A763 /* WakTrainerTests */,
			);
			name = WakTrainerTests;
			packageProductDependencies = (
			);
			productName = WakTrainerTests;
			productReference = 1C7B08CD301CF6B60085A763 /* WakTrainerTests.xctest */;
			productType = "com.apple.product-type.bundle.unit-test";
		};
		1C7B08D6301CF6B60085A763 /* WakTrainerUITests */ = {
			isa = PBXNativeTarget;
			buildConfigurationList = 1C7B08E7301CF6B60085A763 /* Build configuration list for PBXNativeTarget "WakTrainerUITests" */;
			buildPhases = (
				1C7B08D3301CF6B60085A763 /* Sources */,
				1C7B08D4301CF6B60085A763 /* Frameworks */,
				1C7B08D5301CF6B60085A763 /* Resources */,
			);
			buildRules = (
			);
			dependencies = (
				1C7B08D9301CF6B60085A763 /* PBXTargetDependency */,
			);
			fileSystemSynchronizedGroups = (
				1C7B08DA301CF6B60085A763 /* WakTrainerUITests */,
			);
			name = WakTrainerUITests;
			packageProductDependencies = (
			);
			productName = WakTrainerUITests;
			productReference = 1C7B08D7301CF6B60085A763 /* WakTrainerUITests.xctest */;
			productType = "com.apple.product-type.bundle.ui-testing";
		};
/* End PBXNativeTarget section */

/* Begin PBXProject section */
		1C7B08B8301CF6B10085A763 /* Project object */ = {
			isa = PBXProject;
			attributes = {
				BuildIndependentTargetsInParallel = 1;
				LastSwiftUpdateCheck = 2650;
				LastUpgradeCheck = 2650;
				TargetAttributes = {
					1C7B08BF301CF6B10085A763 = {
						CreatedOnToolsVersion = 26.5;
					};
					1C7B08CC301CF6B60085A763 = {
						CreatedOnToolsVersion = 26.5;
						TestTargetID = 1C7B08BF301CF6B10085A763;
					};
					1C7B08D6301CF6B60085A763 = {
						CreatedOnToolsVersion = 26.5;
						TestTargetID = 1C7B08BF301CF6B10085A763;
					};
				};
			};
			buildConfigurationList = 1C7B08BB301CF6B10085A763 /* Build configuration list for PBXProject "WakTrainer" */;
			developmentRegion = en;
			hasScannedForEncodings = 0;
			knownRegions = (
				en,
				ko,
				Base,
			);
			mainGroup = 1C7B08B7301CF6B00085A763;
			minimizedProjectReferenceProxies = 1;
			packageReferences = (
				A30000000000000000000001 /* XCRemoteSwiftPackageReference "WakTrainerFeatureWorkout" */,
				A30000000000000000000002 /* XCRemoteSwiftPackageReference "UserProfileFeature" */,
				A30000000000000000000003 /* XCRemoteSwiftPackageReference "TrisPlaceRecognitionKit" */,
				A30000000000000000000004 /* XCRemoteSwiftPackageReference "TrisLocationKit" */,
				A30000000000000000000005 /* XCRemoteSwiftPackageReference "TrisNotificationKit" */,
				A30000000000000000000006 /* XCRemoteSwiftPackageReference "AuthenticationKit" */,
				A30000000000000000000007 /* XCRemoteSwiftPackageReference "WakTrainerCoreModels" */,
				A30000000000000000000008 /* XCRemoteSwiftPackageReference "TrisCalendarKit" */,
				A30000000000000000000009 /* XCRemoteSwiftPackageReference "WakTrainerDesignSystem" */,
			);
			preferredProjectObjectVersion = 77;
			productRefGroup = 1C7B08C1301CF6B10085A763 /* Products */;
			projectDirPath = "";
			projectRoot = "";
			targets = (
				1C7B08BF301CF6B10085A763 /* WakTrainer */,
				1C7B08CC301CF6B60085A763 /* WakTrainerTests */,
				1C7B08D6301CF6B60085A763 /* WakTrainerUITests */,
			);
		};
/* End PBXProject section */

/* Begin PBXResourcesBuildPhase section */
		1C7B08BE301CF6B10085A763 /* Resources */ = {
			isa = PBXResourcesBuildPhase;
			buildActionMask = 2147483647;
			files = (
			);
			runOnlyForDeploymentPostprocessing = 0;
		};
		1C7B08CB301CF6B60085A763 /* Resources */ = {
			isa = PBXResourcesBuildPhase;
			buildActionMask = 2147483647;
			files = (
			);
			runOnlyForDeploymentPostprocessing = 0;
		};
		1C7B08D5301CF6B60085A763 /* Resources */ = {
			isa = PBXResourcesBuildPhase;
			buildActionMask = 2147483647;
			files = (
			);
			runOnlyForDeploymentPostprocessing = 0;
		};
/* End PBXResourcesBuildPhase section */

/* Begin PBXSourcesBuildPhase section */
		1C7B08BC301CF6B10085A763 /* Sources */ = {
			isa = PBXSourcesBuildPhase;
			buildActionMask = 2147483647;
			files = (
			);
			runOnlyForDeploymentPostprocessing = 0;
		};
		1C7B08C9301CF6B60085A763 /* Sources */ = {
			isa = PBXSourcesBuildPhase;
			buildActionMask = 2147483647;
			files = (
			);
			runOnlyForDeploymentPostprocessing = 0;
		};
		1C7B08D3301CF6B60085A763 /* Sources */ = {
			isa = PBXSourcesBuildPhase;
			buildActionMask = 2147483647;
			files = (
			);
			runOnlyForDeploymentPostprocessing = 0;
		};
/* End PBXSourcesBuildPhase section */

/* Begin PBXTargetDependency section */
		1C7B08CF301CF6B60085A763 /* PBXTargetDependency */ = {
			isa = PBXTargetDependency;
			target = 1C7B08BF301CF6B10085A763 /* WakTrainer */;
			targetProxy = 1C7B08CE301CF6B60085A763 /* PBXContainerItemProxy */;
		};
		1C7B08D9301CF6B60085A763 /* PBXTargetDependency */ = {
			isa = PBXTargetDependency;
			target = 1C7B08BF301CF6B10085A763 /* WakTrainer */;
			targetProxy = 1C7B08D8301CF6B60085A763 /* PBXContainerItemProxy */;
		};
/* End PBXTargetDependency section */

/* Begin XCBuildConfiguration section */
		1C7B08DF301CF6B60085A763 /* Debug */ = {
			isa = XCBuildConfiguration;
			buildSettings = {
				ALWAYS_SEARCH_USER_PATHS = NO;
				ASSETCATALOG_COMPILER_GENERATE_SWIFT_ASSET_SYMBOL_EXTENSIONS = YES;
				CLANG_ANALYZER_NONNULL = YES;
				CLANG_ANALYZER_NUMBER_OBJECT_CONVERSION = YES_AGGRESSIVE;
				CLANG_CXX_LANGUAGE_STANDARD = "gnu++20";
				CLANG_ENABLE_MODULES = YES;
				CLANG_ENABLE_OBJC_ARC = YES;
				CLANG_ENABLE_OBJC_WEAK = YES;
				CLANG_WARN_BLOCK_CAPTURE_AUTORELEASING = YES;
				CLANG_WARN_BOOL_CONVERSION = YES;
				CLANG_WARN_COMMA = YES;
				CLANG_WARN_CONSTANT_CONVERSION = YES;
				CLANG_WARN_DEPRECATED_OBJC_IMPLEMENTATIONS = YES;
				CLANG_WARN_DIRECT_OBJC_ISA_USAGE = YES_ERROR;
				CLANG_WARN_DOCUMENTATION_COMMENTS = YES;
				CLANG_WARN_EMPTY_BODY = YES;
				CLANG_WARN_ENUM_CONVERSION = YES;
				CLANG_WARN_INFINITE_RECURSION = YES;
				CLANG_WARN_INT_CONVERSION = YES;
				CLANG_WARN_NON_LITERAL_NULL_CONVERSION = YES;
				CLANG_WARN_OBJC_IMPLICIT_RETAIN_SELF = YES;
				CLANG_WARN_OBJC_LITERAL_CONVERSION = YES;
				CLANG_WARN_OBJC_ROOT_CLASS = YES_ERROR;
				CLANG_WARN_QUOTED_INCLUDE_IN_FRAMEWORK_HEADER = YES;
				CLANG_WARN_RANGE_LOOP_ANALYSIS = YES;
				CLANG_WARN_STRICT_PROTOTYPES = YES;
				CLANG_WARN_SUSPICIOUS_MOVE = YES;
				CLANG_WARN_UNGUARDED_AVAILABILITY = YES_AGGRESSIVE;
				CLANG_WARN_UNREACHABLE_CODE = YES;
				CLANG_WARN__DUPLICATE_METHOD_MATCH = YES;
				COPY_PHASE_STRIP = NO;
				DEBUG_INFORMATION_FORMAT = dwarf;
				ENABLE_STRICT_OBJC_MSGSEND = YES;
				ENABLE_TESTABILITY = YES;
				ENABLE_USER_SCRIPT_SANDBOXING = YES;
				GCC_C_LANGUAGE_STANDARD = gnu17;
				GCC_DYNAMIC_NO_PIC = NO;
				GCC_NO_COMMON_BLOCKS = YES;
				GCC_OPTIMIZATION_LEVEL = 0;
				GCC_PREPROCESSOR_DEFINITIONS = (
					"DEBUG=1",
					"$(inherited)",
				);
				GCC_WARN_64_TO_32_BIT_CONVERSION = YES;
				GCC_WARN_ABOUT_RETURN_TYPE = YES_ERROR;
				GCC_WARN_UNDECLARED_SELECTOR = YES;
				GCC_WARN_UNINITIALIZED_AUTOS = YES_AGGRESSIVE;
				GCC_WARN_UNUSED_FUNCTION = YES;
				GCC_WARN_UNUSED_VARIABLE = YES;
				IPHONEOS_DEPLOYMENT_TARGET = 17.0;
				LOCALIZATION_PREFERS_STRING_CATALOGS = YES;
				MTL_ENABLE_DEBUG_INFO = INCLUDE_SOURCE;
				MTL_FAST_MATH = YES;
				ONLY_ACTIVE_ARCH = YES;
				SDKROOT = iphoneos;
				SWIFT_ACTIVE_COMPILATION_CONDITIONS = "DEBUG $(inherited)";
				SWIFT_OPTIMIZATION_LEVEL = "-Onone";
			};
			name = Debug;
		};
		1C7B08E0301CF6B60085A763 /* Release */ = {
			isa = XCBuildConfiguration;
			buildSettings = {
				ALWAYS_SEARCH_USER_PATHS = NO;
				ASSETCATALOG_COMPILER_GENERATE_SWIFT_ASSET_SYMBOL_EXTENSIONS = YES;
				CLANG_ANALYZER_NONNULL = YES;
				CLANG_ANALYZER_NUMBER_OBJECT_CONVERSION = YES_AGGRESSIVE;
				CLANG_CXX_LANGUAGE_STANDARD = "gnu++20";
				CLANG_ENABLE_MODULES = YES;
				CLANG_ENABLE_OBJC_ARC = YES;
				CLANG_ENABLE_OBJC_WEAK = YES;
				CLANG_WARN_BLOCK_CAPTURE_AUTORELEASING = YES;
				CLANG_WARN_BOOL_CONVERSION = YES;
				CLANG_WARN_COMMA = YES;
				CLANG_WARN_CONSTANT_CONVERSION = YES;
				CLANG_WARN_DEPRECATED_OBJC_IMPLEMENTATIONS = YES;
				CLANG_WARN_DIRECT_OBJC_ISA_USAGE = YES_ERROR;
				CLANG_WARN_DOCUMENTATION_COMMENTS = YES;
				CLANG_WARN_EMPTY_BODY = YES;
				CLANG_WARN_ENUM_CONVERSION = YES;
				CLANG_WARN_INFINITE_RECURSION = YES;
				CLANG_WARN_INT_CONVERSION = YES;
				CLANG_WARN_NON_LITERAL_NULL_CONVERSION = YES;
				CLANG_WARN_OBJC_IMPLICIT_RETAIN_SELF = YES;
				CLANG_WARN_OBJC_LITERAL_CONVERSION = YES;
				CLANG_WARN_OBJC_ROOT_CLASS = YES_ERROR;
				CLANG_WARN_QUOTED_INCLUDE_IN_FRAMEWORK_HEADER = YES;
				CLANG_WARN_RANGE_LOOP_ANALYSIS = YES;
				CLANG_WARN_STRICT_PROTOTYPES = YES;
				CLANG_WARN_SUSPICIOUS_MOVE = YES;
				CLANG_WARN_UNGUARDED_AVAILABILITY = YES_AGGRESSIVE;
				CLANG_WARN_UNREACHABLE_CODE = YES;
				CLANG_WARN__DUPLICATE_METHOD_MATCH = YES;
				COPY_PHASE_STRIP = NO;
				DEBUG_INFORMATION_FORMAT = "dwarf-with-dsym";
				ENABLE_NS_ASSERTIONS = NO;
				ENABLE_STRICT_OBJC_MSGSEND = YES;
				ENABLE_USER_SCRIPT_SANDBOXING = YES;
				GCC_C_LANGUAGE_STANDARD = gnu17;
				GCC_NO_COMMON_BLOCKS = YES;
				GCC_WARN_64_TO_32_BIT_CONVERSION = YES;
				GCC_WARN_ABOUT_RETURN_TYPE = YES_ERROR;
				GCC_WARN_UNDECLARED_SELECTOR = YES;
				GCC_WARN_UNINITIALIZED_AUTOS = YES_AGGRESSIVE;
				GCC_WARN_UNUSED_FUNCTION = YES;
				GCC_WARN_UNUSED_VARIABLE = YES;
				IPHONEOS_DEPLOYMENT_TARGET = 17.0;
				LOCALIZATION_PREFERS_STRING_CATALOGS = YES;
				MTL_ENABLE_DEBUG_INFO = NO;
				MTL_FAST_MATH = YES;
				SDKROOT = iphoneos;
				SWIFT_COMPILATION_MODE = wholemodule;
				VALIDATE_PRODUCT = YES;
			};
			name = Release;
		};
		1C7B08E2301CF6B60085A763 /* Debug */ = {
			isa = XCBuildConfiguration;
			buildSettings = {
				ASSETCATALOG_COMPILER_APPICON_NAME = AppIcon;
				ASSETCATALOG_COMPILER_GLOBAL_ACCENT_COLOR_NAME = AccentColor;
				CODE_SIGN_STYLE = Automatic;
				CURRENT_PROJECT_VERSION = 1;
				ENABLE_PREVIEWS = YES;
				GENERATE_INFOPLIST_FILE = YES;
				INFOPLIST_KEY_UIApplicationSceneManifest_Generation = YES;
				INFOPLIST_KEY_UIApplicationSupportsIndirectInputEvents = YES;
				INFOPLIST_KEY_UILaunchScreen_Generation = YES;
				INFOPLIST_KEY_UISupportedInterfaceOrientations_iPad = "UIInterfaceOrientationPortrait UIInterfaceOrientationPortraitUpsideDown UIInterfaceOrientationLandscapeLeft UIInterfaceOrientationLandscapeRight";
				INFOPLIST_KEY_UISupportedInterfaceOrientations_iPhone = "UIInterfaceOrientationPortrait UIInterfaceOrientationLandscapeLeft UIInterfaceOrientationLandscapeRight";
				LD_RUNPATH_SEARCH_PATHS = (
					"$(inherited)",
					"@executable_path/Frameworks",
				);
				MARKETING_VERSION = 1.0;
				CODE_SIGN_ENTITLEMENTS = WakTrainer/WakTrainer.entitlements;
				INFOPLIST_KEY_API_BASE_URL = "https://waktrainerserver-production.up.railway.app";
				INFOPLIST_KEY_NSHealthShareUsageDescription = "WakTrainer reads heart rate, steps, active energy, and distance to create workout reports.";
				INFOPLIST_KEY_NSLocationAlwaysAndWhenInUseUsageDescription = "WakTrainer uses your location to detect arrivals at and departures from registered gyms in the background.";
				INFOPLIST_KEY_NSLocationWhenInUseUsageDescription = "WakTrainer uses your location to record workout routes and identify registered gym locations.";
				PRODUCT_BUNDLE_IDENTIFIER = com.tris.WakTrainer;
				PRODUCT_NAME = "$(TARGET_NAME)";
				STRING_CATALOG_GENERATE_SYMBOLS = YES;
				SWIFT_APPROACHABLE_CONCURRENCY = YES;
				SWIFT_DEFAULT_ACTOR_ISOLATION = MainActor;
				SWIFT_EMIT_LOC_STRINGS = YES;
				SWIFT_UPCOMING_FEATURE_MEMBER_IMPORT_VISIBILITY = YES;
				SWIFT_VERSION = 5.0;
				TARGETED_DEVICE_FAMILY = "1,2";
			};
			name = Debug;
		};
		1C7B08E3301CF6B60085A763 /* Release */ = {
			isa = XCBuildConfiguration;
			buildSettings = {
				ASSETCATALOG_COMPILER_APPICON_NAME = AppIcon;
				ASSETCATALOG_COMPILER_GLOBAL_ACCENT_COLOR_NAME = AccentColor;
				CODE_SIGN_STYLE = Automatic;
				CURRENT_PROJECT_VERSION = 1;
				ENABLE_PREVIEWS = YES;
				GENERATE_INFOPLIST_FILE = YES;
				INFOPLIST_KEY_UIApplicationSceneManifest_Generation = YES;
				INFOPLIST_KEY_UIApplicationSupportsIndirectInputEvents = YES;
				INFOPLIST_KEY_UILaunchScreen_Generation = YES;
				INFOPLIST_KEY_UISupportedInterfaceOrientations_iPad = "UIInterfaceOrientationPortrait UIInterfaceOrientationPortraitUpsideDown UIInterfaceOrientationLandscapeLeft UIInterfaceOrientationLandscapeRight";
				INFOPLIST_KEY_UISupportedInterfaceOrientations_iPhone = "UIInterfaceOrientationPortrait UIInterfaceOrientationLandscapeLeft UIInterfaceOrientationLandscapeRight";
				LD_RUNPATH_SEARCH_PATHS = (
					"$(inherited)",
					"@executable_path/Frameworks",
				);
				MARKETING_VERSION = 1.0;
				CODE_SIGN_ENTITLEMENTS = WakTrainer/WakTrainer.entitlements;
				INFOPLIST_KEY_API_BASE_URL = "https://waktrainerserver-production.up.railway.app";
				INFOPLIST_KEY_NSHealthShareUsageDescription = "WakTrainer reads heart rate, steps, active energy, and distance to create workout reports.";
				INFOPLIST_KEY_NSLocationAlwaysAndWhenInUseUsageDescription = "WakTrainer uses your location to detect arrivals at and departures from registered gyms in the background.";
				INFOPLIST_KEY_NSLocationWhenInUseUsageDescription = "WakTrainer uses your location to record workout routes and identify registered gym locations.";
				PRODUCT_BUNDLE_IDENTIFIER = com.tris.WakTrainer;
				PRODUCT_NAME = "$(TARGET_NAME)";
				STRING_CATALOG_GENERATE_SYMBOLS = YES;
				SWIFT_APPROACHABLE_CONCURRENCY = YES;
				SWIFT_DEFAULT_ACTOR_ISOLATION = MainActor;
				SWIFT_EMIT_LOC_STRINGS = YES;
				SWIFT_UPCOMING_FEATURE_MEMBER_IMPORT_VISIBILITY = YES;
				SWIFT_VERSION = 5.0;
				TARGETED_DEVICE_FAMILY = "1,2";
			};
			name = Release;
		};
		1C7B08E5301CF6B60085A763 /* Debug */ = {
			isa = XCBuildConfiguration;
			buildSettings = {
				BUNDLE_LOADER = "$(TEST_HOST)";
				CODE_SIGN_STYLE = Automatic;
				CURRENT_PROJECT_VERSION = 1;
				GENERATE_INFOPLIST_FILE = YES;
				IPHONEOS_DEPLOYMENT_TARGET = 17.0;
				MARKETING_VERSION = 1.0;
				PRODUCT_BUNDLE_IDENTIFIER = com.tris.WakTrainerTests;
				PRODUCT_NAME = "$(TARGET_NAME)";
				STRING_CATALOG_GENERATE_SYMBOLS = NO;
				SWIFT_APPROACHABLE_CONCURRENCY = YES;
				SWIFT_EMIT_LOC_STRINGS = NO;
				SWIFT_UPCOMING_FEATURE_MEMBER_IMPORT_VISIBILITY = YES;
				SWIFT_VERSION = 5.0;
				TARGETED_DEVICE_FAMILY = "1,2";
				TEST_HOST = "$(BUILT_PRODUCTS_DIR)/WakTrainer.app/$(BUNDLE_EXECUTABLE_FOLDER_PATH)/WakTrainer";
			};
			name = Debug;
		};
		1C7B08E6301CF6B60085A763 /* Release */ = {
			isa = XCBuildConfiguration;
			buildSettings = {
				BUNDLE_LOADER = "$(TEST_HOST)";
				CODE_SIGN_STYLE = Automatic;
				CURRENT_PROJECT_VERSION = 1;
				GENERATE_INFOPLIST_FILE = YES;
				IPHONEOS_DEPLOYMENT_TARGET = 17.0;
				MARKETING_VERSION = 1.0;
				PRODUCT_BUNDLE_IDENTIFIER = com.tris.WakTrainerTests;
				PRODUCT_NAME = "$(TARGET_NAME)";
				STRING_CATALOG_GENERATE_SYMBOLS = NO;
				SWIFT_APPROACHABLE_CONCURRENCY = YES;
				SWIFT_EMIT_LOC_STRINGS = NO;
				SWIFT_UPCOMING_FEATURE_MEMBER_IMPORT_VISIBILITY = YES;
				SWIFT_VERSION = 5.0;
				TARGETED_DEVICE_FAMILY = "1,2";
				TEST_HOST = "$(BUILT_PRODUCTS_DIR)/WakTrainer.app/$(BUNDLE_EXECUTABLE_FOLDER_PATH)/WakTrainer";
			};
			name = Release;
		};
		1C7B08E8301CF6B60085A763 /* Debug */ = {
			isa = XCBuildConfiguration;
			buildSettings = {
				CODE_SIGN_STYLE = Automatic;
				CURRENT_PROJECT_VERSION = 1;
				GENERATE_INFOPLIST_FILE = YES;
				MARKETING_VERSION = 1.0;
				PRODUCT_BUNDLE_IDENTIFIER = com.tris.WakTrainerUITests;
				PRODUCT_NAME = "$(TARGET_NAME)";
				STRING_CATALOG_GENERATE_SYMBOLS = NO;
				SWIFT_APPROACHABLE_CONCURRENCY = YES;
				SWIFT_EMIT_LOC_STRINGS = NO;
				SWIFT_UPCOMING_FEATURE_MEMBER_IMPORT_VISIBILITY = YES;
				SWIFT_VERSION = 5.0;
				TARGETED_DEVICE_FAMILY = "1,2";
				TEST_TARGET_NAME = WakTrainer;
			};
			name = Debug;
		};
		1C7B08E9301CF6B60085A763 /* Release */ = {
			isa = XCBuildConfiguration;
			buildSettings = {
				CODE_SIGN_STYLE = Automatic;
				CURRENT_PROJECT_VERSION = 1;
				GENERATE_INFOPLIST_FILE = YES;
				MARKETING_VERSION = 1.0;
				PRODUCT_BUNDLE_IDENTIFIER = com.tris.WakTrainerUITests;
				PRODUCT_NAME = "$(TARGET_NAME)";
				STRING_CATALOG_GENERATE_SYMBOLS = NO;
				SWIFT_APPROACHABLE_CONCURRENCY = YES;
				SWIFT_EMIT_LOC_STRINGS = NO;
				SWIFT_UPCOMING_FEATURE_MEMBER_IMPORT_VISIBILITY = YES;
				SWIFT_VERSION = 5.0;
				TARGETED_DEVICE_FAMILY = "1,2";
				TEST_TARGET_NAME = WakTrainer;
			};
			name = Release;
		};
/* End XCBuildConfiguration section */

/* Begin XCConfigurationList section */
		1C7B08BB301CF6B10085A763 /* Build configuration list for PBXProject "WakTrainer" */ = {
			isa = XCConfigurationList;
			buildConfigurations = (
				1C7B08DF301CF6B60085A763 /* Debug */,
				1C7B08E0301CF6B60085A763 /* Release */,
			);
			defaultConfigurationIsVisible = 0;
			defaultConfigurationName = Release;
		};
		1C7B08E1301CF6B60085A763 /* Build configuration list for PBXNativeTarget "WakTrainer" */ = {
			isa = XCConfigurationList;
			buildConfigurations = (
				1C7B08E2301CF6B60085A763 /* Debug */,
				1C7B08E3301CF6B60085A763 /* Release */,
			);
			defaultConfigurationIsVisible = 0;
			defaultConfigurationName = Release;
		};
		1C7B08E4301CF6B60085A763 /* Build configuration list for PBXNativeTarget "WakTrainerTests" */ = {
			isa = XCConfigurationList;
			buildConfigurations = (
				1C7B08E5301CF6B60085A763 /* Debug */,
				1C7B08E6301CF6B60085A763 /* Release */,
			);
			defaultConfigurationIsVisible = 0;
			defaultConfigurationName = Release;
		};
		1C7B08E7301CF6B60085A763 /* Build configuration list for PBXNativeTarget "WakTrainerUITests" */ = {
			isa = XCConfigurationList;
			buildConfigurations = (
				1C7B08E8301CF6B60085A763 /* Debug */,
				1C7B08E9301CF6B60085A763 /* Release */,
			);
			defaultConfigurationIsVisible = 0;
			defaultConfigurationName = Release;
		};
/* End XCConfigurationList section */

/* Begin XCRemoteSwiftPackageReference section */
		A30000000000000000000001 /* XCRemoteSwiftPackageReference "WakTrainerFeatureWorkout" */ = {
			isa = XCRemoteSwiftPackageReference;
			repositoryURL = "https://github.com/iosdevbyul/WakTrainerFeatureWorkout";
			requirement = {
				kind = revision;
				revision = 02d6b297d56e75a89e7a29499c6bb08a4af0669c;
			};
		};
		A30000000000000000000002 /* XCRemoteSwiftPackageReference "UserProfileFeature" */ = {
			isa = XCRemoteSwiftPackageReference;
			repositoryURL = "https://github.com/iosdevbyul/UserProfileFeature";
			requirement = {
				branch = main;
				kind = branch;
			};
		};
		A30000000000000000000003 /* XCRemoteSwiftPackageReference "TrisPlaceRecognitionKit" */ = {
			isa = XCRemoteSwiftPackageReference;
			repositoryURL = "https://github.com/iosdevbyul/TrisPlaceRecognitionKit";
			requirement = {
				branch = main;
				kind = branch;
			};
		};
		A30000000000000000000004 /* XCRemoteSwiftPackageReference "TrisLocationKit" */ = {
			isa = XCRemoteSwiftPackageReference;
			repositoryURL = "https://github.com/iosdevbyul/TrisLocationKit";
			requirement = {
				branch = main;
				kind = branch;
			};
		};
		A30000000000000000000005 /* XCRemoteSwiftPackageReference "TrisNotificationKit" */ = {
			isa = XCRemoteSwiftPackageReference;
			repositoryURL = "https://github.com/iosdevbyul/TrisNotificationKit";
			requirement = {
				branch = main;
				kind = branch;
			};
		};
		A30000000000000000000006 /* XCRemoteSwiftPackageReference "AuthenticationKit" */ = {
			isa = XCRemoteSwiftPackageReference;
			repositoryURL = "https://github.com/iosdevbyul/AuthenticationKit";
			requirement = {
				branch = main;
				kind = branch;
			};
		};
		A30000000000000000000007 /* XCRemoteSwiftPackageReference "WakTrainerCoreModels" */ = {
			isa = XCRemoteSwiftPackageReference;
			repositoryURL = "https://github.com/iosdevbyul/WakTrainerCoreModels";
			requirement = {
				branch = main;
				kind = branch;
			};
		};
		A30000000000000000000008 /* XCRemoteSwiftPackageReference "TrisCalendarKit" */ = {
			isa = XCRemoteSwiftPackageReference;
			repositoryURL = "https://github.com/iosdevbyul/TrisCalendarKit";
			requirement = {
				branch = main;
				kind = branch;
			};
		};
		A30000000000000000000009 /* XCRemoteSwiftPackageReference "WakTrainerDesignSystem" */ = {
			isa = XCRemoteSwiftPackageReference;
			repositoryURL = "https://github.com/iosdevbyul/WakTrainerDesignSystem";
			requirement = {
				branch = main;
				kind = branch;
			};
		};
/* End XCRemoteSwiftPackageReference section */

/* Begin XCSwiftPackageProductDependency section */
		1C7B08EB301CF7E90085A763 /* WakTrainerFeatureWorkout */ = {
			isa = XCSwiftPackageProductDependency;
			package = A30000000000000000000001 /* XCRemoteSwiftPackageReference "WakTrainerFeatureWorkout" */;
			productName = WakTrainerFeatureWorkout;
		};
		A20000000000000000000001 /* UserProfileFeature */ = {
			isa = XCSwiftPackageProductDependency;
			package = A30000000000000000000002 /* XCRemoteSwiftPackageReference "UserProfileFeature" */;
			productName = UserProfileFeature;
		};
		A20000000000000000000002 /* TrisPlaceRecognitionKit */ = {
			isa = XCSwiftPackageProductDependency;
			package = A30000000000000000000003 /* XCRemoteSwiftPackageReference "TrisPlaceRecognitionKit" */;
			productName = TrisPlaceRecognitionKit;
		};
		A20000000000000000000003 /* TrisLocationKit */ = {
			isa = XCSwiftPackageProductDependency;
			package = A30000000000000000000004 /* XCRemoteSwiftPackageReference "TrisLocationKit" */;
			productName = TrisLocationKit;
		};
		A20000000000000000000004 /* TrisNotificationKit */ = {
			isa = XCSwiftPackageProductDependency;
			package = A30000000000000000000005 /* XCRemoteSwiftPackageReference "TrisNotificationKit" */;
			productName = TrisNotificationKit;
		};
		A20000000000000000000005 /* AuthenticationKit */ = {
			isa = XCSwiftPackageProductDependency;
			package = A30000000000000000000006 /* XCRemoteSwiftPackageReference "AuthenticationKit" */;
			productName = AuthenticationKit;
		};
		A20000000000000000000006 /* WakTrainerCoreModels */ = {
			isa = XCSwiftPackageProductDependency;
			package = A30000000000000000000007 /* XCRemoteSwiftPackageReference "WakTrainerCoreModels" */;
			productName = WakTrainerCoreModels;
		};
		A20000000000000000000008 /* TrisCalendarKit */ = {
			isa = XCSwiftPackageProductDependency;
			package = A30000000000000000000008 /* XCRemoteSwiftPackageReference "TrisCalendarKit" */;
			productName = TrisCalendarKit;
		};
		A20000000000000000000009 /* WakTrainerDesignSystem */ = {
			isa = XCSwiftPackageProductDependency;
			package = A30000000000000000000009 /* XCRemoteSwiftPackageReference "WakTrainerDesignSystem" */;
			productName = WakTrainerDesignSystem;
		};
/* End XCSwiftPackageProductDependency section */
	};
	rootObject = 1C7B08B8301CF6B10085A763 /* Project object */;
}
